
Microsoft Visual Studio Solution File, Format Version 12.00
# Visual Studio Version 17
VisualStudioVersion = 17.5.002.0
MinimumVisualStudioVersion = 10.0.40219.1
Project("{9A19103F-16F7-4668-BE54-9A1E7A4F7556}") = "DesafioPOO", "DesafioPOO.csproj", "{86AC2921-EF24-45F4-94F4-C53229B6F7A6}"
EndProject
Global
	GlobalSection(SolutionConfigurationPlatforms) = preSolution
		Debug|Any CPU = Debug|Any CPU
		Release|Any CPU = Release|Any CPU
	EndGlobalSection
	GlobalSection(ProjectConfigurationPlatforms) = postSolution
		{86AC2921-EF24-45F4-94F4-C53229B6F7A6}.Debug|Any CPU.ActiveCfg = Debug|Any CPU
		{86AC2921-EF24-45F4-94F4-C53229B6F7A6}.Debug|Any CPU.Build.0 = Debug|Any CPU
		{86AC2921-EF24-45F4-94F4-C53229B6F7A6}.Release|Any CPU.ActiveCfg = Release|Any CPU
		{86AC2921-EF24-45F4-94F4-C53229B6F7A6}.Release|Any CPU.Build.0 = Release|Any CPU
	EndGlobalSection
	GlobalSection(SolutionProperties) = preSolution
		HideSolutionNode = FALSE
	EndGlobalSection
	GlobalSection(ExtensibilityGlobals) = postSolution
		SolutionGuid = {4CC4AC63-1432-411A-8AD3-87DDF6A741D1}
	EndGlobalSection
EndGlobal
